
Microsoft Visual Studio Solution File, Format Version 12.00
Project("{FAE04EC0-301F-11D3-BF4B-00C04F79EFBC}") = "Numbers", "Numbers\Numbers.csproj", "{6B66E1EF-CBDC-48D7-9C45-1D395541954A}"
EndProject
Project("{FAE04EC0-301F-11D3-BF4B-00C04F79EFBC}") = "Numbers.Tests", "Numbers.Tests\Numbers.Tests.csproj", "{B7E67B97-397D-431D-B28F-3C616E0DCCAB}"
EndProject
Project("{FAE04EC0-301F-11D3-BF4B-00C04F79EFBC}") = "Problems", "Problems\Problems.csproj", "{710DB89B-79D6-4AB1-88BF-4D5168A8FF4A}"
EndProject
Project("{FAE04EC0-301F-11D3-BF4B-00C04F79EFBC}") = "Problems.Tests", "Problems.Tests\Problems.Tests.csproj", "{80E4C1C5-492D-4859-A704-0B9C6BFB215B}"
EndProject
Project("{FAE04EC0-301F-11D3-BF4B-00C04F79EFBC}") = "Utils", "Utils\Utils.csproj", "{69799EF3-52BA-455F-AD9F-4C127FA7EA26}"
EndProject
Global
	GlobalSection(SolutionConfigurationPlatforms) = preSolution
		Debug|Any CPU = Debug|Any CPU
		Release|Any CPU = Release|Any CPU
	EndGlobalSection
	GlobalSection(ProjectConfigurationPlatforms) = postSolution
		{6B66E1EF-CBDC-48D7-9C45-1D395541954A}.Debug|Any CPU.ActiveCfg = Debug|Any CPU
		{6B66E1EF-CBDC-48D7-9C45-1D395541954A}.Debug|Any CPU.Build.0 = Debug|Any CPU
		{6B66E1EF-CBDC-48D7-9C45-1D395541954A}.Release|Any CPU.ActiveCfg = Release|Any CPU
		{6B66E1EF-CBDC-48D7-9C45-1D395541954A}.Release|Any CPU.Build.0 = Release|Any CPU
		{B7E67B97-397D-431D-B28F-3C616E0DCCAB}.Debug|Any CPU.ActiveCfg = Debug|Any CPU
		{B7E67B97-397D-431D-B28F-3C616E0DCCAB}.Debug|Any CPU.Build.0 = Debug|Any CPU
		{B7E67B97-397D-431D-B28F-3C616E0DCCAB}.Release|Any CPU.ActiveCfg = Release|Any CPU
		{B7E67B97-397D-431D-B28F-3C616E0DCCAB}.Release|Any CPU.Build.0 = Release|Any CPU
		{710DB89B-79D6-4AB1-88BF-4D5168A8FF4A}.Debug|Any CPU.ActiveCfg = Debug|Any CPU
		{710DB89B-79D6-4AB1-88BF-4D5168A8FF4A}.Debug|Any CPU.Build.0 = Debug|Any CPU
		{710DB89B-79D6-4AB1-88BF-4D5168A8FF4A}.Release|Any CPU.ActiveCfg = Release|Any CPU
		{710DB89B-79D6-4AB1-88BF-4D5168A8FF4A}.Release|Any CPU.Build.0 = Release|Any CPU
		{80E4C1C5-492D-4859-A704-0B9C6BFB215B}.Debug|Any CPU.ActiveCfg = Debug|Any CPU
		{80E4C1C5-492D-4859-A704-0B9C6BFB215B}.Debug|Any CPU.Build.0 = Debug|Any CPU
		{80E4C1C5-492D-4859-A704-0B9C6BFB215B}.Release|Any CPU.ActiveCfg = Release|Any CPU
		{80E4C1C5-492D-4859-A704-0B9C6BFB215B}.Release|Any CPU.Build.0 = Release|Any CPU
		{69799EF3-52BA-455F-AD9F-4C127FA7EA26}.Debug|Any CPU.ActiveCfg = Debug|Any CPU
		{69799EF3-52BA-455F-AD9F-4C127FA7EA26}.Debug|Any CPU.Build.0 = Debug|Any CPU
		{69799EF3-52BA-455F-AD9F-4C127FA7EA26}.Release|Any CPU.ActiveCfg = Release|Any CPU
		{69799EF3-52BA-455F-AD9F-4C127FA7EA26}.Release|Any CPU.Build.0 = Release|Any CPU
	EndGlobalSection
EndGlobal
